{
  "name": "ego-chrome-extension",
  "version": "0.2.0",
  "lockfileVersion": 3,
  "requires": true,
  "packages": {
    "": {
      "name": "ego-chrome-extension",
      "version": "0.2.0",
      "license": "MIT",
      "bin": {
        "ego-chrome": "src/cli.mjs"
      },
      "engines": {
        "node": ">=20"
      }
    }
  }
}
